
Microsoft Visual Studio Solution File, Format Version 12.00
# Visual Studio Version 16
VisualStudioVersion = 16.0.28315.86
MinimumVisualStudioVersion = 10.0.40219.1
Project("{2150E333-8FDC-42A3-9474-1A3956D46DE8}") = "Engine", "Engine", "{726FE5A2-4E95-4C63-9A9C-CE7CF3B60864}"
EndProject
Project("{2150E333-8FDC-42A3-9474-1A3956D46DE8}") = "Games", "Games", "{440170D1-CFC5-49C7-8876-F8FBBF99B501}"
EndProject
Project("{8BC9CEB8-8B4A-11D0-8D11-00A0C91BC942}") = "UE4", "Intermediate\ProjectFiles\UE4.vcxproj", "{3ADED8CD-1D76-42E6-ABED-6ECD7FBB1B09}"
EndProject
Project("{8BC9CEB8-8B4A-11D0-8D11-00A0C91BC942}") = "AdvGamesProgramming", "Intermediate\ProjectFiles\AdvGamesProgramming.vcxproj", "{0567C18C-1D9D-4F69-81FB-DEF0242210CF}"
EndProject
Project("{2150E333-8FDC-42A3-9474-1A3956D46DE8}") = "Visualizers", "Visualizers", "{13989F39-BBC5-432D-81F4-194DCFE03202}"
	ProjectSection(SolutionItems) = preProject
		..\..\..\Steam\steamapps\common\UE_4.24\Engine\Extras\VisualStudioDebugging\UE4.natvis = ..\..\..\Steam\steamapps\common\UE_4.24\Engine\Extras\VisualStudioDebugging\UE4.natvis
	EndProjectSection
EndProject
Global
	GlobalSection(SolutionConfigurationPlatforms) = preSolution
		DebugGame Editor|Win32 = DebugGame Editor|Win32
		DebugGame Editor|Win64 = DebugGame Editor|Win64
		DebugGame|Win32 = DebugGame|Win32
		DebugGame|Win64 = DebugGame|Win64
		Development Editor|Win32 = Development Editor|Win32
		Development Editor|Win64 = Development Editor|Win64
		Development|Win32 = Development|Win32
		Development|Win64 = Development|Win64
		Shipping|Win32 = Shipping|Win32
		Shipping|Win64 = Shipping|Win64
	EndGlobalSection
	GlobalSection(ProjectConfigurationPlatforms) = postSolution
		{3ADED8CD-1D76-42E6-ABED-6ECD7FBB1B09}.DebugGame Editor|Win32.ActiveCfg = BuiltWithUnrealBuildTool|Win32
		{3ADED8CD-1D76-42E6-ABED-6ECD7FBB1B09}.DebugGame Editor|Win64.ActiveCfg = BuiltWithUnrealBuildTool|Win32
		{3ADED8CD-1D76-42E6-ABED-6ECD7FBB1B09}.DebugGame|Win32.ActiveCfg = BuiltWithUnrealBuildTool|Win32
		{3ADED8CD-1D76-42E6-ABED-6ECD7FBB1B09}.DebugGame|Win64.ActiveCfg = BuiltWithUnrealBuildTool|Win32
		{3ADED8CD-1D76-42E6-ABED-6ECD7FBB1B09}.Development Editor|Win32.ActiveCfg = BuiltWithUnrealBuildTool|Win32
		{3ADED8CD-1D76-42E6-ABED-6ECD7FBB1B09}.Development Editor|Win64.ActiveCfg = BuiltWithUnrealBuildTool|Win32
		{3ADED8CD-1D76-42E6-ABED-6ECD7FBB1B09}.Development|Win32.ActiveCfg = BuiltWithUnrealBuildTool|Win32
		{3ADED8CD-1D76-42E6-ABED-6ECD7FBB1B09}.Development|Win64.ActiveCfg = BuiltWithUnrealBuildTool|Win32
		{3ADED8CD-1D76-42E6-ABED-6ECD7FBB1B09}.Shipping|Win32.ActiveCfg = BuiltWithUnrealBuildTool|Win32
		{3ADED8CD-1D76-42E6-ABED-6ECD7FBB1B09}.Shipping|Win64.ActiveCfg = BuiltWithUnrealBuildTool|Win32
		{0567C18C-1D9D-4F69-81FB-DEF0242210CF}.DebugGame Editor|Win32.ActiveCfg = Invalid|Win32
		{0567C18C-1D9D-4F69-81FB-DEF0242210CF}.DebugGame Editor|Win64.ActiveCfg = DebugGame_Editor|x64
		{0567C18C-1D9D-4F69-81FB-DEF0242210CF}.DebugGame Editor|Win64.Build.0 = DebugGame_Editor|x64
		{0567C18C-1D9D-4F69-81FB-DEF0242210CF}.DebugGame|Win32.ActiveCfg = DebugGame|Win32
		{0567C18C-1D9D-4F69-81FB-DEF0242210CF}.DebugGame|Win32.Build.0 = DebugGame|Win32
		{0567C18C-1D9D-4F69-81FB-DEF0242210CF}.DebugGame|Win64.ActiveCfg = DebugGame|x64
		{0567C18C-1D9D-4F69-81FB-DEF0242210CF}.DebugGame|Win64.Build.0 = DebugGame|x64
		{0567C18C-1D9D-4F69-81FB-DEF0242210CF}.Development Editor|Win32.ActiveCfg = Invalid|Win32
		{0567C18C-1D9D-4F69-81FB-DEF0242210CF}.Development Editor|Win64.ActiveCfg = Development_Editor|x64
		{0567C18C-1D9D-4F69-81FB-DEF0242210CF}.Development Editor|Win64.Build.0 = Development_Editor|x64
		{0567C18C-1D9D-4F69-81FB-DEF0242210CF}.Development|Win32.ActiveCfg = Development|Win32
		{0567C18C-1D9D-4F69-81FB-DEF0242210CF}.Development|Win32.Build.0 = Development|Win32
		{0567C18C-1D9D-4F69-81FB-DEF0242210CF}.Development|Win64.ActiveCfg = Development|x64
		{0567C18C-1D9D-4F69-81FB-DEF0242210CF}.Development|Win64.Build.0 = Development|x64
		{0567C18C-1D9D-4F69-81FB-DEF0242210CF}.Shipping|Win32.ActiveCfg = Shipping|Win32
		{0567C18C-1D9D-4F69-81FB-DEF0242210CF}.Shipping|Win32.Build.0 = Shipping|Win32
		{0567C18C-1D9D-4F69-81FB-DEF0242210CF}.Shipping|Win64.ActiveCfg = Shipping|x64
		{0567C18C-1D9D-4F69-81FB-DEF0242210CF}.Shipping|Win64.Build.0 = Shipping|x64
	EndGlobalSection
	GlobalSection(SolutionProperties) = preSolution
		HideSolutionNode = FALSE
	EndGlobalSection
	GlobalSection(NestedProjects) = preSolution
		{3ADED8CD-1D76-42E6-ABED-6ECD7FBB1B09} = {726FE5A2-4E95-4C63-9A9C-CE7CF3B60864}
		{0567C18C-1D9D-4F69-81FB-DEF0242210CF} = {440170D1-CFC5-49C7-8876-F8FBBF99B501}
	EndGlobalSection
EndGlobal
