
Microsoft Visual Studio Solution File, Format Version 12.00
# Visual Studio Version 16
VisualStudioVersion = 16.0.28315.86
MinimumVisualStudioVersion = 10.0.40219.1
Project("{2150E333-8FDC-42A3-9474-1A3956D46DE8}") = "Engine", "Engine", "{528C5BF3-DB75-43BE-B439-4439B25C4AC8}"
EndProject
Project("{2150E333-8FDC-42A3-9474-1A3956D46DE8}") = "Games", "Games", "{5A5E83EC-4657-4325-8E1C-8E16AEAE8884}"
EndProject
Project("{8BC9CEB8-8B4A-11D0-8D11-00A0C91BC942}") = "UE4", "Intermediate\ProjectFiles\UE4.vcxproj", "{15DFCAF4-8A28-4879-A4B1-764C7246E3FA}"
EndProject
Project("{8BC9CEB8-8B4A-11D0-8D11-00A0C91BC942}") = "AdvGamesProgramming", "Intermediate\ProjectFiles\AdvGamesProgramming.vcxproj", "{E5C09887-1B0F-41DC-903C-95486F2B2AB4}"
EndProject
Project("{2150E333-8FDC-42A3-9474-1A3956D46DE8}") = "Visualizers", "Visualizers", "{F3C69D05-1BAD-4919-B1CC-C9ED21A70E13}"
	ProjectSection(SolutionItems) = preProject
		..\..\..\Steam\steamapps\common\UE_4.24\Engine\Extras\VisualStudioDebugging\UE4.natvis = ..\..\..\Steam\steamapps\common\UE_4.24\Engine\Extras\VisualStudioDebugging\UE4.natvis
	EndProjectSection
EndProject
Global
	GlobalSection(SolutionConfigurationPlatforms) = preSolution
		DebugGame Editor|Win32 = DebugGame Editor|Win32
		DebugGame Editor|Win64 = DebugGame Editor|Win64
		DebugGame|Win32 = DebugGame|Win32
		DebugGame|Win64 = DebugGame|Win64
		Development Editor|Win32 = Development Editor|Win32
		Development Editor|Win64 = Development Editor|Win64
		Development|Win32 = Development|Win32
		Development|Win64 = Development|Win64
		Shipping|Win32 = Shipping|Win32
		Shipping|Win64 = Shipping|Win64
	EndGlobalSection
	GlobalSection(ProjectConfigurationPlatforms) = postSolution
		{15DFCAF4-8A28-4879-A4B1-764C7246E3FA}.DebugGame Editor|Win32.ActiveCfg = BuiltWithUnrealBuildTool|Win32
		{15DFCAF4-8A28-4879-A4B1-764C7246E3FA}.DebugGame Editor|Win64.ActiveCfg = BuiltWithUnrealBuildTool|Win32
		{15DFCAF4-8A28-4879-A4B1-764C7246E3FA}.DebugGame|Win32.ActiveCfg = BuiltWithUnrealBuildTool|Win32
		{15DFCAF4-8A28-4879-A4B1-764C7246E3FA}.DebugGame|Win64.ActiveCfg = BuiltWithUnrealBuildTool|Win32
		{15DFCAF4-8A28-4879-A4B1-764C7246E3FA}.Development Editor|Win32.ActiveCfg = BuiltWithUnrealBuildTool|Win32
		{15DFCAF4-8A28-4879-A4B1-764C7246E3FA}.Development Editor|Win64.ActiveCfg = BuiltWithUnrealBuildTool|Win32
		{15DFCAF4-8A28-4879-A4B1-764C7246E3FA}.Development|Win32.ActiveCfg = BuiltWithUnrealBuildTool|Win32
		{15DFCAF4-8A28-4879-A4B1-764C7246E3FA}.Development|Win64.ActiveCfg = BuiltWithUnrealBuildTool|Win32
		{15DFCAF4-8A28-4879-A4B1-764C7246E3FA}.Shipping|Win32.ActiveCfg = BuiltWithUnrealBuildTool|Win32
		{15DFCAF4-8A28-4879-A4B1-764C7246E3FA}.Shipping|Win64.ActiveCfg = BuiltWithUnrealBuildTool|Win32
		{E5C09887-1B0F-41DC-903C-95486F2B2AB4}.DebugGame Editor|Win32.ActiveCfg = Invalid|Win32
		{E5C09887-1B0F-41DC-903C-95486F2B2AB4}.DebugGame Editor|Win64.ActiveCfg = DebugGame_Editor|x64
		{E5C09887-1B0F-41DC-903C-95486F2B2AB4}.DebugGame Editor|Win64.Build.0 = DebugGame_Editor|x64
		{E5C09887-1B0F-41DC-903C-95486F2B2AB4}.DebugGame|Win32.ActiveCfg = DebugGame|Win32
		{E5C09887-1B0F-41DC-903C-95486F2B2AB4}.DebugGame|Win32.Build.0 = DebugGame|Win32
		{E5C09887-1B0F-41DC-903C-95486F2B2AB4}.DebugGame|Win64.ActiveCfg = DebugGame|x64
		{E5C09887-1B0F-41DC-903C-95486F2B2AB4}.DebugGame|Win64.Build.0 = DebugGame|x64
		{E5C09887-1B0F-41DC-903C-95486F2B2AB4}.Development Editor|Win32.ActiveCfg = Invalid|Win32
		{E5C09887-1B0F-41DC-903C-95486F2B2AB4}.Development Editor|Win64.ActiveCfg = Development_Editor|x64
		{E5C09887-1B0F-41DC-903C-95486F2B2AB4}.Development Editor|Win64.Build.0 = Development_Editor|x64
		{E5C09887-1B0F-41DC-903C-95486F2B2AB4}.Development|Win32.ActiveCfg = Development|Win32
		{E5C09887-1B0F-41DC-903C-95486F2B2AB4}.Development|Win32.Build.0 = Development|Win32
		{E5C09887-1B0F-41DC-903C-95486F2B2AB4}.Development|Win64.ActiveCfg = Development|x64
		{E5C09887-1B0F-41DC-903C-95486F2B2AB4}.Development|Win64.Build.0 = Development|x64
		{E5C09887-1B0F-41DC-903C-95486F2B2AB4}.Shipping|Win32.ActiveCfg = Shipping|Win32
		{E5C09887-1B0F-41DC-903C-95486F2B2AB4}.Shipping|Win32.Build.0 = Shipping|Win32
		{E5C09887-1B0F-41DC-903C-95486F2B2AB4}.Shipping|Win64.ActiveCfg = Shipping|x64
		{E5C09887-1B0F-41DC-903C-95486F2B2AB4}.Shipping|Win64.Build.0 = Shipping|x64
	EndGlobalSection
	GlobalSection(SolutionProperties) = preSolution
		HideSolutionNode = FALSE
	EndGlobalSection
	GlobalSection(NestedProjects) = preSolution
		{15DFCAF4-8A28-4879-A4B1-764C7246E3FA} = {528C5BF3-DB75-43BE-B439-4439B25C4AC8}
		{E5C09887-1B0F-41DC-903C-95486F2B2AB4} = {5A5E83EC-4657-4325-8E1C-8E16AEAE8884}
	EndGlobalSection
	GlobalSection(ExtensibilityGlobals) = postSolution
		SolutionGuid = {5E941FBF-0A03-470F-ABE3-D71F3972D93C}
	EndGlobalSection
EndGlobal
